
Microsoft Visual Studio Solution File, Format Version 12.00
# Visual Studio Version 17
VisualStudioVersion = 17.0.31912.275
MinimumVisualStudioVersion = 10.0.40219.1
Project("{9A19103F-16F7-4668-BE54-9A1E7A4F7556}") = "DateTakenExtractor", "DateTakenExtractor.csproj", "{4CCF61AD-E6C3-4934-96CC-9765F293CCE4}"
EndProject
Project("{9A19103F-16F7-4668-BE54-9A1E7A4F7556}") = "DTE-Test", "..\DTE-Test\DTE-Test.csproj", "{C4E162D9-F21C-422B-A8C5-38695A1FB727}"
EndProject
Global
	GlobalSection(SolutionConfigurationPlatforms) = preSolution
		Debug|Any CPU = Debug|Any CPU
		Release|Any CPU = Release|Any CPU
	EndGlobalSection
	GlobalSection(ProjectConfigurationPlatforms) = postSolution
		{4CCF61AD-E6C3-4934-96CC-9765F293CCE4}.Debug|Any CPU.ActiveCfg = Debug|Any CPU
		{4CCF61AD-E6C3-4934-96CC-9765F293CCE4}.Debug|Any CPU.Build.0 = Debug|Any CPU
		{4CCF61AD-E6C3-4934-96CC-9765F293CCE4}.Release|Any CPU.ActiveCfg = Release|Any CPU
		{4CCF61AD-E6C3-4934-96CC-9765F293CCE4}.Release|Any CPU.Build.0 = Release|Any CPU
		{C4E162D9-F21C-422B-A8C5-38695A1FB727}.Debug|Any CPU.ActiveCfg = Debug|Any CPU
		{C4E162D9-F21C-422B-A8C5-38695A1FB727}.Debug|Any CPU.Build.0 = Debug|Any CPU
		{C4E162D9-F21C-422B-A8C5-38695A1FB727}.Release|Any CPU.ActiveCfg = Release|Any CPU
		{C4E162D9-F21C-422B-A8C5-38695A1FB727}.Release|Any CPU.Build.0 = Release|Any CPU
	EndGlobalSection
	GlobalSection(SolutionProperties) = preSolution
		HideSolutionNode = FALSE
	EndGlobalSection
	GlobalSection(ExtensibilityGlobals) = postSolution
		SolutionGuid = {AAE1C4C2-1EAB-4222-876D-9A73A3314010}
	EndGlobalSection
EndGlobal
