
Microsoft Visual Studio Solution File, Format Version 12.00
Project("{FAE04EC0-301F-11D3-BF4B-00C04F79EFBC}") = "Date-Taken-Extractor", "Date-Taken-Extractor\Date-Taken-Extractor.csproj", "{4CCF61AD-E6C3-4934-96CC-9765F293CCE4}"
EndProject
Project("{FAE04EC0-301F-11D3-BF4B-00C04F79EFBC}") = "DTE-Test", "DTE-Test\DTE-Test.csproj", "{73B7A39D-AA0B-48C5-805A-171197B433E4}"
EndProject
Global
	GlobalSection(SolutionConfigurationPlatforms) = preSolution
		Debug|Any CPU = Debug|Any CPU
		Release|Any CPU = Release|Any CPU
	EndGlobalSection
	GlobalSection(ProjectConfigurationPlatforms) = postSolution
		{4CCF61AD-E6C3-4934-96CC-9765F293CCE4}.Debug|Any CPU.ActiveCfg = Debug|Any CPU
		{4CCF61AD-E6C3-4934-96CC-9765F293CCE4}.Debug|Any CPU.Build.0 = Debug|Any CPU
		{4CCF61AD-E6C3-4934-96CC-9765F293CCE4}.Release|Any CPU.ActiveCfg = Release|Any CPU
		{4CCF61AD-E6C3-4934-96CC-9765F293CCE4}.Release|Any CPU.Build.0 = Release|Any CPU
		{73B7A39D-AA0B-48C5-805A-171197B433E4}.Debug|Any CPU.ActiveCfg = Debug|Any CPU
		{73B7A39D-AA0B-48C5-805A-171197B433E4}.Debug|Any CPU.Build.0 = Debug|Any CPU
		{73B7A39D-AA0B-48C5-805A-171197B433E4}.Release|Any CPU.ActiveCfg = Release|Any CPU
		{73B7A39D-AA0B-48C5-805A-171197B433E4}.Release|Any CPU.Build.0 = Release|Any CPU
	EndGlobalSection
EndGlobal
